
Microsoft Visual Studio Solution File, Format Version 12.00
# Visual Studio Version 17
VisualStudioVersion = 17.10.35013.160
MinimumVisualStudioVersion = 10.0.40219.1
Project("{9A19103F-16F7-4668-BE54-9A1E7A4F7556}") = "ConsoleApp_output_demo", "ConsoleApp_output_demo\ConsoleApp_output_demo.csproj", "{D2A093EC-A157-4D94-A572-538DB167A8C3}"
EndProject
Project("{9A19103F-16F7-4668-BE54-9A1E7A4F7556}") = "ConsoleAppVariablesDemo", "ConsoleAppVariablesDemo\ConsoleAppVariablesDemo.csproj", "{9C6106E3-280D-480F-AE36-DEF477EC0A65}"
EndProject
Project("{9A19103F-16F7-4668-BE54-9A1E7A4F7556}") = "ConsoleAppUserInputDemo", "ConsoleAppUserInputDemo\ConsoleAppUserInputDemo.csproj", "{0599613E-114E-4714-A33D-FFAB7771B21B}"
EndProject
Project("{9A19103F-16F7-4668-BE54-9A1E7A4F7556}") = "ConsoleAppOperators", "ConsoleAppoperators\ConsoleAppOperators.csproj", "{6E2EC7C6-AD68-404F-BB6E-4A7CFB13D5AD}"
EndProject
Project("{9A19103F-16F7-4668-BE54-9A1E7A4F7556}") = "ConsoleAppConditionalStatement", "ConsoleAppConditionalStatement\ConsoleAppConditionalStatement.csproj", "{275A4FCE-EC47-4DD9-B3A4-0277424C851F}"
EndProject
Project("{FAE04EC0-301F-11D3-BF4B-00C04F79EFBC}") = "ConsoleAppSimpleCalculator", "ConsoleAppSimpleCalculator\ConsoleAppSimpleCalculator.csproj", "{A78AA009-5988-47D6-95C7-3344E80AA651}"
EndProject
Global
	GlobalSection(SolutionConfigurationPlatforms) = preSolution
		Debug|Any CPU = Debug|Any CPU
		Release|Any CPU = Release|Any CPU
	EndGlobalSection
	GlobalSection(ProjectConfigurationPlatforms) = postSolution
		{D2A093EC-A157-4D94-A572-538DB167A8C3}.Debug|Any CPU.ActiveCfg = Debug|Any CPU
		{D2A093EC-A157-4D94-A572-538DB167A8C3}.Debug|Any CPU.Build.0 = Debug|Any CPU
		{D2A093EC-A157-4D94-A572-538DB167A8C3}.Release|Any CPU.ActiveCfg = Release|Any CPU
		{D2A093EC-A157-4D94-A572-538DB167A8C3}.Release|Any CPU.Build.0 = Release|Any CPU
		{9C6106E3-280D-480F-AE36-DEF477EC0A65}.Debug|Any CPU.ActiveCfg = Debug|Any CPU
		{9C6106E3-280D-480F-AE36-DEF477EC0A65}.Debug|Any CPU.Build.0 = Debug|Any CPU
		{9C6106E3-280D-480F-AE36-DEF477EC0A65}.Release|Any CPU.ActiveCfg = Release|Any CPU
		{9C6106E3-280D-480F-AE36-DEF477EC0A65}.Release|Any CPU.Build.0 = Release|Any CPU
		{0599613E-114E-4714-A33D-FFAB7771B21B}.Debug|Any CPU.ActiveCfg = Debug|Any CPU
		{0599613E-114E-4714-A33D-FFAB7771B21B}.Debug|Any CPU.Build.0 = Debug|Any CPU
		{0599613E-114E-4714-A33D-FFAB7771B21B}.Release|Any CPU.ActiveCfg = Release|Any CPU
		{0599613E-114E-4714-A33D-FFAB7771B21B}.Release|Any CPU.Build.0 = Release|Any CPU
		{6E2EC7C6-AD68-404F-BB6E-4A7CFB13D5AD}.Debug|Any CPU.ActiveCfg = Debug|Any CPU
		{6E2EC7C6-AD68-404F-BB6E-4A7CFB13D5AD}.Debug|Any CPU.Build.0 = Debug|Any CPU
		{6E2EC7C6-AD68-404F-BB6E-4A7CFB13D5AD}.Release|Any CPU.ActiveCfg = Release|Any CPU
		{6E2EC7C6-AD68-404F-BB6E-4A7CFB13D5AD}.Release|Any CPU.Build.0 = Release|Any CPU
		{275A4FCE-EC47-4DD9-B3A4-0277424C851F}.Debug|Any CPU.ActiveCfg = Debug|Any CPU
		{275A4FCE-EC47-4DD9-B3A4-0277424C851F}.Debug|Any CPU.Build.0 = Debug|Any CPU
		{275A4FCE-EC47-4DD9-B3A4-0277424C851F}.Release|Any CPU.ActiveCfg = Release|Any CPU
		{275A4FCE-EC47-4DD9-B3A4-0277424C851F}.Release|Any CPU.Build.0 = Release|Any CPU
		{A78AA009-5988-47D6-95C7-3344E80AA651}.Debug|Any CPU.ActiveCfg = Debug|Any CPU
		{A78AA009-5988-47D6-95C7-3344E80AA651}.Debug|Any CPU.Build.0 = Debug|Any CPU
		{A78AA009-5988-47D6-95C7-3344E80AA651}.Release|Any CPU.ActiveCfg = Release|Any CPU
		{A78AA009-5988-47D6-95C7-3344E80AA651}.Release|Any CPU.Build.0 = Release|Any CPU
	EndGlobalSection
	GlobalSection(SolutionProperties) = preSolution
		HideSolutionNode = FALSE
	EndGlobalSection
	GlobalSection(ExtensibilityGlobals) = postSolution
		SolutionGuid = {474EE78F-DFFE-4BAF-8874-4F4948623BB2}
	EndGlobalSection
EndGlobal
